// !$*UTF8*$!
{
	archiveVersion = 1;
	classes = {
	};
	objectVersion = 48;
	objects = {

/* Begin PBXBuildFile section */
		0D086B8223F0CF6E00C361A1 /* TransferController.swift in Sources */ = {isa = PBXBuildFile; fileRef = 0D086B8123F0CF6E00C361A1 /* TransferController.swift */; };
		0D16B536242C6AEE00D1CBB4 /* PoisonController.swift in Sources */ = {isa = PBXBuildFile; fileRef = 0D16B535242C6AEE00D1CBB4 /* PoisonController.swift */; };
		0D4206772146B8430059F8DE /* ThiefController.swift in Sources */ = {isa = PBXBuildFile; fileRef = 0D4206762146B8430059F8DE /* ThiefController.swift */; };
		0D4C3CE3215FC69F00E9E749 /* LoversController.swift in Sources */ = {isa = PBXBuildFile; fileRef = 0D4C3CE2215FC69F00E9E749 /* LoversController.swift */; };
		0D4E5A222169650000A88F43 /* FortuneTellerController.swift in Sources */ = {isa = PBXBuildFile; fileRef = 0D4E5A212169650000A88F43 /* FortuneTellerController.swift */; };
		0D4E5A242169698200A88F43 /* WerewolvesController.swift in Sources */ = {isa = PBXBuildFile; fileRef = 0D4E5A232169698200A88F43 /* WerewolvesController.swift */; };
		0D4E5A2621696E4D00A88F43 /* WitchController.swift in Sources */ = {isa = PBXBuildFile; fileRef = 0D4E5A2521696E4D00A88F43 /* WitchController.swift */; };
		0D559600222B10F5007904A4 /* testView.xib in Resources */ = {isa = PBXBuildFile; fileRef = 0D5595FF222B10F5007904A4 /* testView.xib */; };
		0D5E07732137FD16001A189C /* RoleConformationController.swift in Sources */ = {isa = PBXBuildFile; fileRef = 0D5E07722137FD16001A189C /* RoleConformationController.swift */; };
		0D5EDA88205A04B8005CA371 /* PlayerNumberController.swift in Sources */ = {isa = PBXBuildFile; fileRef = 0D5EDA87205A04B8005CA371 /* PlayerNumberController.swift */; };
		0D5EDA8A205A055A005CA371 /* Temp.swift in Sources */ = {isa = PBXBuildFile; fileRef = 0D5EDA89205A055A005CA371 /* Temp.swift */; };
		0D8B151720453D48005575A9 /* AppDelegate.swift in Sources */ = {isa = PBXBuildFile; fileRef = 0D8B151620453D48005575A9 /* AppDelegate.swift */; };
		0D8B151920453D48005575A9 /* ViewController.swift in Sources */ = {isa = PBXBuildFile; fileRef = 0D8B151820453D48005575A9 /* ViewController.swift */; };
		0D8B151C20453D48005575A9 /* Main.storyboard in Resources */ = {isa = PBXBuildFile; fileRef = 0D8B151A20453D48005575A9 /* Main.storyboard */; };
		0D8B151E20453D48005575A9 /* Assets.xcassets in Resources */ = {isa = PBXBuildFile; fileRef = 0D8B151D20453D48005575A9 /* Assets.xcassets */; };
		0D8B152120453D48005575A9 /* LaunchScreen.storyboard in Resources */ = {isa = PBXBuildFile; fileRef = 0D8B151F20453D48005575A9 /* LaunchScreen.storyboard */; };
		0D8B152C20453D49005575A9 /* WerewolfTests.swift in Sources */ = {isa = PBXBuildFile; fileRef = 0D8B152B20453D49005575A9 /* WerewolfTests.swift */; };
		0D8B153720453D49005575A9 /* WerewolfUITests.swift in Sources */ = {isa = PBXBuildFile; fileRef = 0D8B153620453D49005575A9 /* WerewolfUITests.swift */; };
		0D9C5263218485C700AB01CA /* DayController.swift in Sources */ = {isa = PBXBuildFile; fileRef = 0D9C5262218485C700AB01CA /* DayController.swift */; };
		0D9C526521848D7600AB01CA /* SheriffController.swift in Sources */ = {isa = PBXBuildFile; fileRef = 0D9C526421848D7600AB01CA /* SheriffController.swift */; };
		0DB56A1021508C1500F9398E /* CupidoController.swift in Sources */ = {isa = PBXBuildFile; fileRef = 0DB56A0F21508C1500F9398E /* CupidoController.swift */; };
		0DBA49DF21A14B3D005C7237 /* VoteController.swift in Sources */ = {isa = PBXBuildFile; fileRef = 0DBA49DE21A14B3D005C7237 /* VoteController.swift */; };
		0DE852922224A44700B92461 /* LittleGirlController.swift in Sources */ = {isa = PBXBuildFile; fileRef = 0DE852912224A44700B92461 /* LittleGirlController.swift */; };
		0DE852942224A94E00B92461 /* HunterController.swift in Sources */ = {isa = PBXBuildFile; fileRef = 0DE852932224A94E00B92461 /* HunterController.swift */; };
		0DED1E64227F754B00107BB6 /* RolesController.swift in Sources */ = {isa = PBXBuildFile; fileRef = 0DED1E63227F754B00107BB6 /* RolesController.swift */; };
/* End PBXBuildFile section */

/* Begin PBXContainerItemProxy section */
		0D8B152820453D48005575A9 /* PBXContainerItemProxy */ = {
			isa = PBXContainerItemProxy;
			containerPortal = 0D8B150B20453D48005575A9 /* Project object */;
			proxyType = 1;
			remoteGlobalIDString = 0D8B151220453D48005575A9;
			remoteInfo = Werewolf;
		};
		0D8B153320453D49005575A9 /* PBXContainerItemProxy */ = {
			isa = PBXContainerItemProxy;
			containerPortal = 0D8B150B20453D48005575A9 /* Project object */;
			proxyType = 1;
			remoteGlobalIDString = 0D8B151220453D48005575A9;
			remoteInfo = Werewolf;
		};
/* End PBXContainerItemProxy section */

/* Begin PBXFileReference section */
		0D086B8123F0CF6E00C361A1 /* TransferController.swift */ = {isa = PBXFileReference; lastKnownFileType = sourcecode.swift; path = TransferController.swift; sourceTree = "<group>"; };
		0D16B535242C6AEE00D1CBB4 /* PoisonController.swift */ = {isa = PBXFileReference; lastKnownFileType = sourcecode.swift; path = PoisonController.swift; sourceTree = "<group>"; };
		0D4206762146B8430059F8DE /* ThiefController.swift */ = {isa = PBXFileReference; lastKnownFileType = sourcecode.swift; path = ThiefController.swift; sourceTree = "<group>"; };
		0D4C3CE2215FC69F00E9E749 /* LoversController.swift */ = {isa = PBXFileReference; lastKnownFileType = sourcecode.swift; path = LoversController.swift; sourceTree = "<group>"; };
		0D4E5A212169650000A88F43 /* FortuneTellerController.swift */ = {isa = PBXFileReference; lastKnownFileType = sourcecode.swift; path = FortuneTellerController.swift; sourceTree = "<group>"; };
		0D4E5A232169698200A88F43 /* WerewolvesController.swift */ = {isa = PBXFileReference; lastKnownFileType = sourcecode.swift; path = WerewolvesController.swift; sourceTree = "<group>"; };
		0D4E5A2521696E4D00A88F43 /* WitchController.swift */ = {isa = PBXFileReference; lastKnownFileType = sourcecode.swift; path = WitchController.swift; sourceTree = "<group>"; };
		0D5595FF222B10F5007904A4 /* testView.xib */ = {isa = PBXFileReference; lastKnownFileType = file.xib; path = testView.xib; sourceTree = "<group>"; };
		0D5E07722137FD16001A189C /* RoleConformationController.swift */ = {isa = PBXFileReference; lastKnownFileType = sourcecode.swift; path = RoleConformationController.swift; sourceTree = "<group>"; };
		0D5EDA87205A04B8005CA371 /* PlayerNumberController.swift */ = {isa = PBXFileReference; lastKnownFileType = sourcecode.swift; path = PlayerNumberController.swift; sourceTree = "<group>"; };
		0D5EDA89205A055A005CA371 /* Temp.swift */ = {isa = PBXFileReference; lastKnownFileType = sourcecode.swift; path = Temp.swift; sourceTree = "<group>"; };
		0D8B151320453D48005575A9 /* Werewolf.app */ = {isa = PBXFileReference; explicitFileType = wrapper.application; includeInIndex = 0; path = Werewolf.app; sourceTree = BUILT_PRODUCTS_DIR; };
		0D8B151620453D48005575A9 /* AppDelegate.swift */ = {isa = PBXFileReference; lastKnownFileType = sourcecode.swift; path = AppDelegate.swift; sourceTree = "<group>"; };
		0D8B151820453D48005575A9 /* ViewController.swift */ = {isa = PBXFileReference; lastKnownFileType = sourcecode.swift; path = ViewController.swift; sourceTree = "<group>"; };
		0D8B151B20453D48005575A9 /* Base */ = {isa = PBXFileReference; lastKnownFileType = file.storyboard; name = Base; path = Base.lproj/Main.storyboard; sourceTree = "<group>"; };
		0D8B151D20453D48005575A9 /* Assets.xcassets */ = {isa = PBXFileReference; lastKnownFileType = folder.assetcatalog; path = Assets.xcassets; sourceTree = "<group>"; };
		0D8B152020453D48005575A9 /* Base */ = {isa = PBXFileReference; lastKnownFileType = file.storyboard; name = Base; path = Base.lproj/LaunchScreen.storyboard; sourceTree = "<group>"; };
		0D8B152220453D48005575A9 /* Info.plist */ = {isa = PBXFileReference; lastKnownFileType = text.plist.xml; path = Info.plist; sourceTree = "<group>"; };
		0D8B152720453D48005575A9 /* WerewolfTests.xctest */ = {isa = PBXFileReference; explicitFileType = wrapper.cfbundle; includeInIndex = 0; path = WerewolfTests.xctest; sourceTree = BUILT_PRODUCTS_DIR; };
		0D8B152B20453D49005575A9 /* WerewolfTests.swift */ = {isa = PBXFileReference; lastKnownFileType = sourcecode.swift; path = WerewolfTests.swift; sourceTree = "<group>"; };
		0D8B152D20453D49005575A9 /* Info.plist */ = {isa = PBXFileReference; lastKnownFileType = text.plist.xml; path = Info.plist; sourceTree = "<group>"; };
		0D8B153220453D49005575A9 /* WerewolfUITests.xctest */ = {isa = PBXFileReference; explicitFileType = wrapper.cfbundle; includeInIndex = 0; path = WerewolfUITests.xctest; sourceTree = BUILT_PRODUCTS_DIR; };
		0D8B153620453D49005575A9 /* WerewolfUITests.swift */ = {isa = PBXFileReference; lastKnownFileType = sourcecode.swift; path = WerewolfUITests.swift; sourceTree = "<group>"; };
		0D8B153820453D49005575A9 /* Info.plist */ = {isa = PBXFileReference; lastKnownFileType = text.plist.xml; path = Info.plist; sourceTree = "<group>"; };
		0D9C5262218485C700AB01CA /* DayController.swift */ = {isa = PBXFileReference; lastKnownFileType = sourcecode.swift; path = DayController.swift; sourceTree = "<group>"; };
		0D9C526421848D7600AB01CA /* SheriffController.swift */ = {isa = PBXFileReference; lastKnownFileType = sourcecode.swift; path = SheriffController.swift; sourceTree = "<group>"; };
		0DB56A0F21508C1500F9398E /* CupidoController.swift */ = {isa = PBXFileReference; lastKnownFileType = sourcecode.swift; path = CupidoController.swift; sourceTree = "<group>"; };
		0DBA49DE21A14B3D005C7237 /* VoteController.swift */ = {isa = PBXFileReference; lastKnownFileType = sourcecode.swift; path = VoteController.swift; sourceTree = "<group>"; };
		0DE852912224A44700B92461 /* LittleGirlController.swift */ = {isa = PBXFileReference; lastKnownFileType = sourcecode.swift; path = LittleGirlController.swift; sourceTree = "<group>"; };
		0DE852932224A94E00B92461 /* HunterController.swift */ = {isa = PBXFileReference; lastKnownFileType = sourcecode.swift; path = HunterController.swift; sourceTree = "<group>"; };
		0DED1E63227F754B00107BB6 /* RolesController.swift */ = {isa = PBXFileReference; lastKnownFileType = sourcecode.swift; path = RolesController.swift; sourceTree = "<group>"; };
/* End PBXFileReference section */

/* Begin PBXFrameworksBuildPhase section */
		0D8B151020453D48005575A9 /* Frameworks */ = {
			isa = PBXFrameworksBuildPhase;
			buildActionMask = 2147483647;
			files = (
			);
			runOnlyForDeploymentPostprocessing = 0;
		};
		0D8B152420453D48005575A9 /* Frameworks */ = {
			isa = PBXFrameworksBuildPhase;
			buildActionMask = 2147483647;
			files = (
			);
			runOnlyForDeploymentPostprocessing = 0;
		};
		0D8B152F20453D49005575A9 /* Frameworks */ = {
			isa = PBXFrameworksBuildPhase;
			buildActionMask = 2147483647;
			files = (
			);
			runOnlyForDeploymentPostprocessing = 0;
		};
/* End PBXFrameworksBuildPhase section */

/* Begin PBXGroup section */
		0D8B150A20453D48005575A9 = {
			isa = PBXGroup;
			children = (
				0D8B151520453D48005575A9 /* Werewolf */,
				0D8B152A20453D48005575A9 /* WerewolfTests */,
				0D8B153520453D49005575A9 /* WerewolfUITests */,
				0D8B151420453D48005575A9 /* Products */,
			);
			sourceTree = "<group>";
		};
		0D8B151420453D48005575A9 /* Products */ = {
			isa = PBXGroup;
			children = (
				0D8B151320453D48005575A9 /* Werewolf.app */,
				0D8B152720453D48005575A9 /* WerewolfTests.xctest */,
				0D8B153220453D49005575A9 /* WerewolfUITests.xctest */,
			);
			name = Products;
			sourceTree = "<group>";
		};
		0D8B151520453D48005575A9 /* Werewolf */ = {
			isa = PBXGroup;
			children = (
				0D8B151620453D48005575A9 /* AppDelegate.swift */,
				0D8B151820453D48005575A9 /* ViewController.swift */,
				0D5EDA87205A04B8005CA371 /* PlayerNumberController.swift */,
				0D5EDA89205A055A005CA371 /* Temp.swift */,
				0D8B151A20453D48005575A9 /* Main.storyboard */,
				0D8B151D20453D48005575A9 /* Assets.xcassets */,
				0D8B151F20453D48005575A9 /* LaunchScreen.storyboard */,
				0D8B152220453D48005575A9 /* Info.plist */,
				0D5E07722137FD16001A189C /* RoleConformationController.swift */,
				0D4206762146B8430059F8DE /* ThiefController.swift */,
				0DB56A0F21508C1500F9398E /* CupidoController.swift */,
				0D4C3CE2215FC69F00E9E749 /* LoversController.swift */,
				0D4E5A212169650000A88F43 /* FortuneTellerController.swift */,
				0D4E5A232169698200A88F43 /* WerewolvesController.swift */,
				0D4E5A2521696E4D00A88F43 /* WitchController.swift */,
				0D9C5262218485C700AB01CA /* DayController.swift */,
				0D9C526421848D7600AB01CA /* SheriffController.swift */,
				0DBA49DE21A14B3D005C7237 /* VoteController.swift */,
				0DE852912224A44700B92461 /* LittleGirlController.swift */,
				0DE852932224A94E00B92461 /* HunterController.swift */,
				0D5595FF222B10F5007904A4 /* testView.xib */,
				0DED1E63227F754B00107BB6 /* RolesController.swift */,
				0D086B8123F0CF6E00C361A1 /* TransferController.swift */,
				0D16B535242C6AEE00D1CBB4 /* PoisonController.swift */,
			);
			path = Werewolf;
			sourceTree = "<group>";
		};
		0D8B152A20453D48005575A9 /* WerewolfTests */ = {
			isa = PBXGroup;
			children = (
				0D8B152B20453D49005575A9 /* WerewolfTests.swift */,
				0D8B152D20453D49005575A9 /* Info.plist */,
			);
			path = WerewolfTests;
			sourceTree = "<group>";
		};
		0D8B153520453D49005575A9 /* WerewolfUITests */ = {
			isa = PBXGroup;
			children = (
				0D8B153620453D49005575A9 /* WerewolfUITests.swift */,
				0D8B153820453D49005575A9 /* Info.plist */,
			);
			path = WerewolfUITests;
			sourceTree = "<group>";
		};
/* End PBXGroup section */

/* Begin PBXNativeTarget section */
		0D8B151220453D48005575A9 /* Werewolf */ = {
			isa = PBXNativeTarget;
			buildConfigurationList = 0D8B153B20453D49005575A9 /* Build configuration list for PBXNativeTarget "Werewolf" */;
			buildPhases = (
				0D8B150F20453D48005575A9 /* Sources */,
				0D8B151020453D48005575A9 /* Frameworks */,
				0D8B151120453D48005575A9 /* Resources */,
			);
			buildRules = (
			);
			dependencies = (
			);
			name = Werewolf;
			productName = Werewolf;
			productReference = 0D8B151320453D48005575A9 /* Werewolf.app */;
			productType = "com.apple.product-type.application";
		};
		0D8B152620453D48005575A9 /* WerewolfTests */ = {
			isa = PBXNativeTarget;
			buildConfigurationList = 0D8B153E20453D49005575A9 /* Build configuration list for PBXNativeTarget "WerewolfTests" */;
			buildPhases = (
				0D8B152320453D48005575A9 /* Sources */,
				0D8B152420453D48005575A9 /* Frameworks */,
				0D8B152520453D48005575A9 /* Resources */,
			);
			buildRules = (
			);
			dependencies = (
				0D8B152920453D48005575A9 /* PBXTargetDependency */,
			);
			name = WerewolfTests;
			productName = WerewolfTests;
			productReference = 0D8B152720453D48005575A9 /* WerewolfTests.xctest */;
			productType = "com.apple.product-type.bundle.unit-test";
		};
		0D8B153120453D49005575A9 /* WerewolfUITests */ = {
			isa = PBXNativeTarget;
			buildConfigurationList = 0D8B154120453D49005575A9 /* Build configuration list for PBXNativeTarget "WerewolfUITests" */;
			buildPhases = (
				0D8B152E20453D49005575A9 /* Sources */,
				0D8B152F20453D49005575A9 /* Frameworks */,
				0D8B153020453D49005575A9 /* Resources */,
			);
			buildRules = (
			);
			dependencies = (
				0D8B153420453D49005575A9 /* PBXTargetDependency */,
			);
			name = WerewolfUITests;
			productName = WerewolfUITests;
			productReference = 0D8B153220453D49005575A9 /* WerewolfUITests.xctest */;
			productType = "com.apple.product-type.bundle.ui-testing";
		};
/* End PBXNativeTarget section */

/* Begin PBXProject section */
		0D8B150B20453D48005575A9 /* Project object */ = {
			isa = PBXProject;
			attributes = {
				LastSwiftUpdateCheck = 0920;
				LastUpgradeCheck = 0940;
				ORGANIZATIONNAME = a;
				TargetAttributes = {
					0D8B151220453D48005575A9 = {
						CreatedOnToolsVersion = 9.2;
						ProvisioningStyle = Automatic;
					};
					0D8B152620453D48005575A9 = {
						CreatedOnToolsVersion = 9.2;
						ProvisioningStyle = Automatic;
						TestTargetID = 0D8B151220453D48005575A9;
					};
					0D8B153120453D49005575A9 = {
						CreatedOnToolsVersion = 9.2;
						ProvisioningStyle = Automatic;
						TestTargetID = 0D8B151220453D48005575A9;
					};
				};
			};
			buildConfigurationList = 0D8B150E20453D48005575A9 /* Build configuration list for PBXProject "Werewolf" */;
			compatibilityVersion = "Xcode 8.0";
			developmentRegion = en;
			hasScannedForEncodings = 0;
			knownRegions = (
				en,
				Base,
			);
			mainGroup = 0D8B150A20453D48005575A9;
			productRefGroup = 0D8B151420453D48005575A9 /* Products */;
			projectDirPath = "";
			projectRoot = "";
			targets = (
				0D8B151220453D48005575A9 /* Werewolf */,
				0D8B152620453D48005575A9 /* WerewolfTests */,
				0D8B153120453D49005575A9 /* WerewolfUITests */,
			);
		};
/* End PBXProject section */

/* Begin PBXResourcesBuildPhase section */
		0D8B151120453D48005575A9 /* Resources */ = {
			isa = PBXResourcesBuildPhase;
			buildActionMask = 2147483647;
			files = (
				0D559600222B10F5007904A4 /* testView.xib in Resources */,
				0D8B152120453D48005575A9 /* LaunchScreen.storyboard in Resources */,
				0D8B151E20453D48005575A9 /* Assets.xcassets in Resources */,
				0D8B151C20453D48005575A9 /* Main.storyboard in Resources */,
			);
			runOnlyForDeploymentPostprocessing = 0;
		};
		0D8B152520453D48005575A9 /* Resources */ = {
			isa = PBXResourcesBuildPhase;
			buildActionMask = 2147483647;
			files = (
			);
			runOnlyForDeploymentPostprocessing = 0;
		};
		0D8B153020453D49005575A9 /* Resources */ = {
			isa = PBXResourcesBuildPhase;
			buildActionMask = 2147483647;
			files = (
			);
			runOnlyForDeploymentPostprocessing = 0;
		};
/* End PBXResourcesBuildPhase section */

/* Begin PBXSourcesBuildPhase section */
		0D8B150F20453D48005575A9 /* Sources */ = {
			isa = PBXSourcesBuildPhase;
			buildActionMask = 2147483647;
			files = (
				0D9C5263218485C700AB01CA /* DayController.swift in Sources */,
				0D4C3CE3215FC69F00E9E749 /* LoversController.swift in Sources */,
				0D5EDA8A205A055A005CA371 /* Temp.swift in Sources */,
				0D8B151920453D48005575A9 /* ViewController.swift in Sources */,
				0D4206772146B8430059F8DE /* ThiefController.swift in Sources */,
				0DE852922224A44700B92461 /* LittleGirlController.swift in Sources */,
				0D16B536242C6AEE00D1CBB4 /* PoisonController.swift in Sources */,
				0DB56A1021508C1500F9398E /* CupidoController.swift in Sources */,
				0D8B151720453D48005575A9 /* AppDelegate.swift in Sources */,
				0D4E5A222169650000A88F43 /* FortuneTellerController.swift in Sources */,
				0D5EDA88205A04B8005CA371 /* PlayerNumberController.swift in Sources */,
				0D9C526521848D7600AB01CA /* SheriffController.swift in Sources */,
				0DED1E64227F754B00107BB6 /* RolesController.swift in Sources */,
				0D086B8223F0CF6E00C361A1 /* TransferController.swift in Sources */,
				0DE852942224A94E00B92461 /* HunterController.swift in Sources */,
				0D4E5A242169698200A88F43 /* WerewolvesController.swift in Sources */,
				0DBA49DF21A14B3D005C7237 /* VoteController.swift in Sources */,
				0D5E07732137FD16001A189C /* RoleConformationController.swift in Sources */,
				0D4E5A2621696E4D00A88F43 /* WitchController.swift in Sources */,
			);
			runOnlyForDeploymentPostprocessing = 0;
		};
		0D8B152320453D48005575A9 /* Sources */ = {
			isa = PBXSourcesBuildPhase;
			buildActionMask = 2147483647;
			files = (
				0D8B152C20453D49005575A9 /* WerewolfTests.swift in Sources */,
			);
			runOnlyForDeploymentPostprocessing = 0;
		};
		0D8B152E20453D49005575A9 /* Sources */ = {
			isa = PBXSourcesBuildPhase;
			buildActionMask = 2147483647;
			files = (
				0D8B153720453D49005575A9 /* WerewolfUITests.swift in Sources */,
			);
			runOnlyForDeploymentPostprocessing = 0;
		};
/* End PBXSourcesBuildPhase section */

/* Begin PBXTargetDependency section */
		0D8B152920453D48005575A9 /* PBXTargetDependency */ = {
			isa = PBXTargetDependency;
			target = 0D8B151220453D48005575A9 /* Werewolf */;
			targetProxy = 0D8B152820453D48005575A9 /* PBXContainerItemProxy */;
		};
		0D8B153420453D49005575A9 /* PBXTargetDependency */ = {
			isa = PBXTargetDependency;
			target = 0D8B151220453D48005575A9 /* Werewolf */;
			targetProxy = 0D8B153320453D49005575A9 /* PBXContainerItemProxy */;
		};
/* End PBXTargetDependency section */

/* Begin PBXVariantGroup section */
		0D8B151A20453D48005575A9 /* Main.storyboard */ = {
			isa = PBXVariantGroup;
			children = (
				0D8B151B20453D48005575A9 /* Base */,
			);
			name = Main.storyboard;
			sourceTree = "<group>";
		};
		0D8B151F20453D48005575A9 /* LaunchScreen.storyboard */ = {
			isa = PBXVariantGroup;
			children = (
				0D8B152020453D48005575A9 /* Base */,
			);
			name = LaunchScreen.storyboard;
			sourceTree = "<group>";
		};
/* End PBXVariantGroup section */

/* Begin XCBuildConfiguration section */
		0D8B153920453D49005575A9 /* Debug */ = {
			isa = XCBuildConfiguration;
			buildSettings = {
				ALWAYS_SEARCH_USER_PATHS = NO;
				CLANG_ANALYZER_NONNULL = YES;
				CLANG_ANALYZER_NUMBER_OBJECT_CONVERSION = YES_AGGRESSIVE;
				CLANG_CXX_LANGUAGE_STANDARD = "gnu++14";
				CLANG_CXX_LIBRARY = "libc++";
				CLANG_ENABLE_MODULES = YES;
				CLANG_ENABLE_OBJC_ARC = YES;
				CLANG_WARN_BLOCK_CAPTURE_AUTORELEASING = YES;
				CLANG_WARN_BOOL_CONVERSION = YES;
				CLANG_WARN_COMMA = YES;
				CLANG_WARN_CONSTANT_CONVERSION = YES;
				CLANG_WARN_DEPRECATED_OBJC_IMPLEMENTATIONS = YES;
				CLANG_WARN_DIRECT_OBJC_ISA_USAGE = YES_ERROR;
				CLANG_WARN_DOCUMENTATION_COMMENTS = YES;
				CLANG_WARN_EMPTY_BODY = YES;
				CLANG_WARN_ENUM_CONVERSION = YES;
				CLANG_WARN_INFINITE_RECURSION = YES;
				CLANG_WARN_INT_CONVERSION = YES;
				CLANG_WARN_NON_LITERAL_NULL_CONVERSION = YES;
				CLANG_WARN_OBJC_IMPLICIT_RETAIN_SELF = YES;
				CLANG_WARN_OBJC_LITERAL_CONVERSION = YES;
				CLANG_WARN_OBJC_ROOT_CLASS = YES_ERROR;
				CLANG_WARN_RANGE_LOOP_ANALYSIS = YES;
				CLANG_WARN_STRICT_PROTOTYPES = YES;
				CLANG_WARN_SUSPICIOUS_MOVE = YES;
				CLANG_WARN_UNGUARDED_AVAILABILITY = YES_AGGRESSIVE;
				CLANG_WARN_UNREACHABLE_CODE = YES;
				CLANG_WARN__DUPLICATE_METHOD_MATCH = YES;
				CODE_SIGN_IDENTITY = "iPhone Developer";
				COPY_PHASE_STRIP = NO;
				DEBUG_INFORMATION_FORMAT = dwarf;
				ENABLE_STRICT_OBJC_MSGSEND = YES;
				ENABLE_TESTABILITY = YES;
				GCC_C_LANGUAGE_STANDARD = gnu11;
				GCC_DYNAMIC_NO_PIC = NO;
				GCC_NO_COMMON_BLOCKS = YES;
				GCC_OPTIMIZATION_LEVEL = 0;
				GCC_PREPROCESSOR_DEFINITIONS = (
					"DEBUG=1",
					"$(inherited)",
				);
				GCC_WARN_64_TO_32_BIT_CONVERSION = YES;
				GCC_WARN_ABOUT_RETURN_TYPE = YES_ERROR;
				GCC_WARN_UNDECLARED_SELECTOR = YES;
				GCC_WARN_UNINITIALIZED_AUTOS = YES_AGGRESSIVE;
				GCC_WARN_UNUSED_FUNCTION = YES;
				GCC_WARN_UNUSED_VARIABLE = YES;
				IPHONEOS_DEPLOYMENT_TARGET = 11.2;
				MTL_ENABLE_DEBUG_INFO = YES;
				ONLY_ACTIVE_ARCH = YES;
				SDKROOT = iphoneos;
				SWIFT_ACTIVE_COMPILATION_CONDITIONS = DEBUG;
				SWIFT_OPTIMIZATION_LEVEL = "-Onone";
			};
			name = Debug;
		};
		0D8B153A20453D49005575A9 /* Release */ = {
			isa = XCBuildConfiguration;
			buildSettings = {
				ALWAYS_SEARCH_USER_PATHS = NO;
				CLANG_ANALYZER_NONNULL = YES;
				CLANG_ANALYZER_NUMBER_OBJECT_CONVERSION = YES_AGGRESSIVE;
				CLANG_CXX_LANGUAGE_STANDARD = "gnu++14";
				CLANG_CXX_LIBRARY = "libc++";
				CLANG_ENABLE_MODULES = YES;
				CLANG_ENABLE_OBJC_ARC = YES;
				CLANG_WARN_BLOCK_CAPTURE_AUTORELEASING = YES;
				CLANG_WARN_BOOL_CONVERSION = YES;
				CLANG_WARN_COMMA = YES;
				CLANG_WARN_CONSTANT_CONVERSION = YES;
				CLANG_WARN_DEPRECATED_OBJC_IMPLEMENTATIONS = YES;
				CLANG_WARN_DIRECT_OBJC_ISA_USAGE = YES_ERROR;
				CLANG_WARN_DOCUMENTATION_COMMENTS = YES;
				CLANG_WARN_EMPTY_BODY = YES;
				CLANG_WARN_ENUM_CONVERSION = YES;
				CLANG_WARN_INFINITE_RECURSION = YES;
				CLANG_WARN_INT_CONVERSION = YES;
				CLANG_WARN_NON_LITERAL_NULL_CONVERSION = YES;
				CLANG_WARN_OBJC_IMPLICIT_RETAIN_SELF = YES;
				CLANG_WARN_OBJC_LITERAL_CONVERSION = YES;
				CLANG_WARN_OBJC_ROOT_CLASS = YES_ERROR;
				CLANG_WARN_RANGE_LOOP_ANALYSIS = YES;
				CLANG_WARN_STRICT_PROTOTYPES = YES;
				CLANG_WARN_SUSPICIOUS_MOVE = YES;
				CLANG_WARN_UNGUARDED_AVAILABILITY = YES_AGGRESSIVE;
				CLANG_WARN_UNREACHABLE_CODE = YES;
				CLANG_WARN__DUPLICATE_METHOD_MATCH = YES;
				CODE_SIGN_IDENTITY = "iPhone Developer";
				COPY_PHASE_STRIP = NO;
				DEBUG_INFORMATION_FORMAT = "dwarf-with-dsym";
				ENABLE_NS_ASSERTIONS = NO;
				ENABLE_STRICT_OBJC_MSGSEND = YES;
				GCC_C_LANGUAGE_STANDARD = gnu11;
				GCC_NO_COMMON_BLOCKS = YES;
				GCC_WARN_64_TO_32_BIT_CONVERSION = YES;
				GCC_WARN_ABOUT_RETURN_TYPE = YES_ERROR;
				GCC_WARN_UNDECLARED_SELECTOR = YES;
				GCC_WARN_UNINITIALIZED_AUTOS = YES_AGGRESSIVE;
				GCC_WARN_UNUSED_FUNCTION = YES;
				GCC_WARN_UNUSED_VARIABLE = YES;
				IPHONEOS_DEPLOYMENT_TARGET = 11.2;
				MTL_ENABLE_DEBUG_INFO = NO;
				SDKROOT = iphoneos;
				SWIFT_OPTIMIZATION_LEVEL = "-Owholemodule";
				VALIDATE_PRODUCT = YES;
			};
			name = Release;
		};
		0D8B153C20453D49005575A9 /* Debug */ = {
			isa = XCBuildConfiguration;
			buildSettings = {
				ASSETCATALOG_COMPILER_APPICON_NAME = AppIcon;
				CODE_SIGN_STYLE = Automatic;
				INFOPLIST_FILE = Werewolf/Info.plist;
				LD_RUNPATH_SEARCH_PATHS = "$(inherited) @executable_path/Frameworks";
				PRODUCT_BUNDLE_IDENTIFIER = com.a.Werewolf;
				PRODUCT_NAME = "$(TARGET_NAME)";
				SWIFT_VERSION = 4.0;
				TARGETED_DEVICE_FAMILY = "1,2";
			};
			name = Debug;
		};
		0D8B153D20453D49005575A9 /* Release */ = {
			isa = XCBuildConfiguration;
			buildSettings = {
				ASSETCATALOG_COMPILER_APPICON_NAME = AppIcon;
				CODE_SIGN_STYLE = Automatic;
				INFOPLIST_FILE = Werewolf/Info.plist;
				LD_RUNPATH_SEARCH_PATHS = "$(inherited) @executable_path/Frameworks";
				PRODUCT_BUNDLE_IDENTIFIER = com.a.Werewolf;
				PRODUCT_NAME = "$(TARGET_NAME)";
				SWIFT_VERSION = 4.0;
				TARGETED_DEVICE_FAMILY = "1,2";
			};
			name = Release;
		};
		0D8B153F20453D49005575A9 /* Debug */ = {
			isa = XCBuildConfiguration;
			buildSettings = {
				ALWAYS_EMBED_SWIFT_STANDARD_LIBRARIES = YES;
				BUNDLE_LOADER = "$(TEST_HOST)";
				CODE_SIGN_STYLE = Automatic;
				INFOPLIST_FILE = WerewolfTests/Info.plist;
				LD_RUNPATH_SEARCH_PATHS = "$(inherited) @executable_path/Frameworks @loader_path/Frameworks";
				PRODUCT_BUNDLE_IDENTIFIER = com.a.WerewolfTests;
				PRODUCT_NAME = "$(TARGET_NAME)";
				SWIFT_VERSION = 4.0;
				TARGETED_DEVICE_FAMILY = "1,2";
				TEST_HOST = "$(BUILT_PRODUCTS_DIR)/Werewolf.app/Werewolf";
			};
			name = Debug;
		};
		0D8B154020453D49005575A9 /* Release */ = {
			isa = XCBuildConfiguration;
			buildSettings = {
				ALWAYS_EMBED_SWIFT_STANDARD_LIBRARIES = YES;
				BUNDLE_LOADER = "$(TEST_HOST)";
				CODE_SIGN_STYLE = Automatic;
				INFOPLIST_FILE = WerewolfTests/Info.plist;
				LD_RUNPATH_SEARCH_PATHS = "$(inherited) @executable_path/Frameworks @loader_path/Frameworks";
				PRODUCT_BUNDLE_IDENTIFIER = com.a.WerewolfTests;
				PRODUCT_NAME = "$(TARGET_NAME)";
				SWIFT_VERSION = 4.0;
				TARGETED_DEVICE_FAMILY = "1,2";
				TEST_HOST = "$(BUILT_PRODUCTS_DIR)/Werewolf.app/Werewolf";
			};
			name = Release;
		};
		0D8B154220453D49005575A9 /* Debug */ = {
			isa = XCBuildConfiguration;
			buildSettings = {
				ALWAYS_EMBED_SWIFT_STANDARD_LIBRARIES = YES;
				CODE_SIGN_STYLE = Automatic;
				INFOPLIST_FILE = WerewolfUITests/Info.plist;
				LD_RUNPATH_SEARCH_PATHS = "$(inherited) @executable_path/Frameworks @loader_path/Frameworks";
				PRODUCT_BUNDLE_IDENTIFIER = com.a.WerewolfUITests;
				PRODUCT_NAME = "$(TARGET_NAME)";
				SWIFT_VERSION = 4.0;
				TARGETED_DEVICE_FAMILY = "1,2";
				TEST_TARGET_NAME = Werewolf;
			};
			name = Debug;
		};
		0D8B154320453D49005575A9 /* Release */ = {
			isa = XCBuildConfiguration;
			buildSettings = {
				ALWAYS_EMBED_SWIFT_STANDARD_LIBRARIES = YES;
				CODE_SIGN_STYLE = Automatic;
				INFOPLIST_FILE = WerewolfUITests/Info.plist;
				LD_RUNPATH_SEARCH_PATHS = "$(inherited) @executable_path/Frameworks @loader_path/Frameworks";
				PRODUCT_BUNDLE_IDENTIFIER = com.a.WerewolfUITests;
				PRODUCT_NAME = "$(TARGET_NAME)";
				SWIFT_VERSION = 4.0;
				TARGETED_DEVICE_FAMILY = "1,2";
				TEST_TARGET_NAME = Werewolf;
			};
			name = Release;
		};
/* End XCBuildConfiguration section */

/* Begin XCConfigurationList section */
		0D8B150E20453D48005575A9 /* Build configuration list for PBXProject "Werewolf" */ = {
			isa = XCConfigurationList;
			buildConfigurations = (
				0D8B153920453D49005575A9 /* Debug */,
				0D8B153A20453D49005575A9 /* Release */,
			);
			defaultConfigurationIsVisible = 0;
			defaultConfigurationName = Release;
		};
		0D8B153B20453D49005575A9 /* Build configuration list for PBXNativeTarget "Werewolf" */ = {
			isa = XCConfigurationList;
			buildConfigurations = (
				0D8B153C20453D49005575A9 /* Debug */,
				0D8B153D20453D49005575A9 /* Release */,
			);
			defaultConfigurationIsVisible = 0;
			defaultConfigurationName = Release;
		};
		0D8B153E20453D49005575A9 /* Build configuration list for PBXNativeTarget "WerewolfTests" */ = {
			isa = XCConfigurationList;
			buildConfigurations = (
				0D8B153F20453D49005575A9 /* Debug */,
				0D8B154020453D49005575A9 /* Release */,
			);
			defaultConfigurationIsVisible = 0;
			defaultConfigurationName = Release;
		};
		0D8B154120453D49005575A9 /* Build configuration list for PBXNativeTarget "WerewolfUITests" */ = {
			isa = XCConfigurationList;
			buildConfigurations = (
				0D8B154220453D49005575A9 /* Debug */,
				0D8B154320453D49005575A9 /* Release */,
			);
			defaultConfigurationIsVisible = 0;
			defaultConfigurationName = Release;
		};
/* End XCConfigurationList section */
	};
	rootObject = 0D8B150B20453D48005575A9 /* Project object */;
}
